// !$*UTF8*$!
{
	archiveVersion = 1;
	classes = {
	};
	objectVersion = 51;
	objects = {

/* Begin PBXBuildFile section */
		4582BC3D0794C8762BA593C5 /* Pods_ToDoListFirebase.framework in Frameworks */ = {isa = PBXBuildFile; fileRef = F6D1E14FD662A894B3A51496 /* Pods_ToDoListFirebase.framework */; };
		E99C84A925E6F5B00026DAB4 /* AppDelegate.swift in Sources */ = {isa = PBXBuildFile; fileRef = E99C84A825E6F5B00026DAB4 /* AppDelegate.swift */; };
		E99C84AB25E6F5B00026DAB4 /* SceneDelegate.swift in Sources */ = {isa = PBXBuildFile; fileRef = E99C84AA25E6F5B00026DAB4 /* SceneDelegate.swift */; };
		E99C84AD25E6F5B00026DAB4 /* LoginViewController.swift in Sources */ = {isa = PBXBuildFile; fileRef = E99C84AC25E6F5B00026DAB4 /* LoginViewController.swift */; };
		E99C84B025E6F5B00026DAB4 /* Main.storyboard in Resources */ = {isa = PBXBuildFile; fileRef = E99C84AE25E6F5B00026DAB4 /* Main.storyboard */; };
		E99C84B225E6F5B40026DAB4 /* Assets.xcassets in Resources */ = {isa = PBXBuildFile; fileRef = E99C84B125E6F5B40026DAB4 /* Assets.xcassets */; };
		E99C84B525E6F5B40026DAB4 /* LaunchScreen.storyboard in Resources */ = {isa = PBXBuildFile; fileRef = E99C84B325E6F5B40026DAB4 /* LaunchScreen.storyboard */; };
		E99C84C025E71CE30026DAB4 /* TasksViewController.swift in Sources */ = {isa = PBXBuildFile; fileRef = E99C84BF25E71CE30026DAB4 /* TasksViewController.swift */; };
		E99C84CC25E733100026DAB4 /* GoogleService-Info.plist in Resources */ = {isa = PBXBuildFile; fileRef = E99C84CB25E733100026DAB4 /* GoogleService-Info.plist */; };
		E9C07E4B25EAD4E2003BC1F2 /* RegisterViewController.swift in Sources */ = {isa = PBXBuildFile; fileRef = E9C07E4A25EAD4E2003BC1F2 /* RegisterViewController.swift */; };
/* End PBXBuildFile section */

/* Begin PBXFileReference section */
		3FBB8BDEB65587E3E89BD946 /* Pods-ToDoListFirebase.debug.xcconfig */ = {isa = PBXFileReference; includeInIndex = 1; lastKnownFileType = text.xcconfig; name = "Pods-ToDoListFirebase.debug.xcconfig"; path = "Target Support Files/Pods-ToDoListFirebase/Pods-ToDoListFirebase.debug.xcconfig"; sourceTree = "<group>"; };
		8E5AAA301614495A266711D7 /* Pods-ToDoListFirebase.release.xcconfig */ = {isa = PBXFileReference; includeInIndex = 1; lastKnownFileType = text.xcconfig; name = "Pods-ToDoListFirebase.release.xcconfig"; path = "Target Support Files/Pods-ToDoListFirebase/Pods-ToDoListFirebase.release.xcconfig"; sourceTree = "<group>"; };
		E99C84A525E6F5B00026DAB4 /* ToDoListFirebase.app */ = {isa = PBXFileReference; explicitFileType = wrapper.application; includeInIndex = 0; path = ToDoListFirebase.app; sourceTree = BUILT_PRODUCTS_DIR; };
		E99C84A825E6F5B00026DAB4 /* AppDelegate.swift */ = {isa = PBXFileReference; lastKnownFileType = sourcecode.swift; path = AppDelegate.swift; sourceTree = "<group>"; };
		E99C84AA25E6F5B00026DAB4 /* SceneDelegate.swift */ = {isa = PBXFileReference; lastKnownFileType = sourcecode.swift; path = SceneDelegate.swift; sourceTree = "<group>"; };
		E99C84AC25E6F5B00026DAB4 /* LoginViewController.swift */ = {isa = PBXFileReference; lastKnownFileType = sourcecode.swift; path = LoginViewController.swift; sourceTree = "<group>"; };
		E99C84AF25E6F5B00026DAB4 /* Base */ = {isa = PBXFileReference; lastKnownFileType = file.storyboard; name = Base; path = Base.lproj/Main.storyboard; sourceTree = "<group>"; };
		E99C84B125E6F5B40026DAB4 /* Assets.xcassets */ = {isa = PBXFileReference; lastKnownFileType = folder.assetcatalog; path = Assets.xcassets; sourceTree = "<group>"; };
		E99C84B425E6F5B40026DAB4 /* Base */ = {isa = PBXFileReference; lastKnownFileType = file.storyboard; name = Base; path = Base.lproj/LaunchScreen.storyboard; sourceTree = "<group>"; };
		E99C84B625E6F5B40026DAB4 /* Info.plist */ = {isa = PBXFileReference; lastKnownFileType = text.plist.xml; path = Info.plist; sourceTree = "<group>"; };
		E99C84BF25E71CE30026DAB4 /* TasksViewController.swift */ = {isa = PBXFileReference; lastKnownFileType = sourcecode.swift; path = TasksViewController.swift; sourceTree = "<group>"; };
		E99C84CB25E733100026DAB4 /* GoogleService-Info.plist */ = {isa = PBXFileReference; fileEncoding = 4; lastKnownFileType = text.plist.xml; path = "GoogleService-Info.plist"; sourceTree = "<group>"; };
		E9C07E4A25EAD4E2003BC1F2 /* RegisterViewController.swift */ = {isa = PBXFileReference; lastKnownFileType = sourcecode.swift; path = RegisterViewController.swift; sourceTree = "<group>"; };
		F6D1E14FD662A894B3A51496 /* Pods_ToDoListFirebase.framework */ = {isa = PBXFileReference; explicitFileType = wrapper.framework; includeInIndex = 0; path = Pods_ToDoListFirebase.framework; sourceTree = BUILT_PRODUCTS_DIR; };
/* End PBXFileReference section */

/* Begin PBXFrameworksBuildPhase section */
		E99C84A225E6F5B00026DAB4 /* Frameworks */ = {
			isa = PBXFrameworksBuildPhase;
			buildActionMask = 2147483647;
			files = (
				4582BC3D0794C8762BA593C5 /* Pods_ToDoListFirebase.framework in Frameworks */,
			);
			runOnlyForDeploymentPostprocessing = 0;
		};
/* End PBXFrameworksBuildPhase section */

/* Begin PBXGroup section */
		1863F81F05EBE42A2ADC7209 /* Frameworks */ = {
			isa = PBXGroup;
			children = (
				F6D1E14FD662A894B3A51496 /* Pods_ToDoListFirebase.framework */,
			);
			name = Frameworks;
			sourceTree = "<group>";
		};
		333DC0B0D79EBB4B061F3EBF /* Pods */ = {
			isa = PBXGroup;
			children = (
				3FBB8BDEB65587E3E89BD946 /* Pods-ToDoListFirebase.debug.xcconfig */,
				8E5AAA301614495A266711D7 /* Pods-ToDoListFirebase.release.xcconfig */,
			);
			path = Pods;
			sourceTree = "<group>";
		};
		E99C849C25E6F5B00026DAB4 = {
			isa = PBXGroup;
			children = (
				E99C84A725E6F5B00026DAB4 /* ToDoListFirebase */,
				E99C84A625E6F5B00026DAB4 /* Products */,
				333DC0B0D79EBB4B061F3EBF /* Pods */,
				1863F81F05EBE42A2ADC7209 /* Frameworks */,
			);
			sourceTree = "<group>";
		};
		E99C84A625E6F5B00026DAB4 /* Products */ = {
			isa = PBXGroup;
			children = (
				E99C84A525E6F5B00026DAB4 /* ToDoListFirebase.app */,
			);
			name = Products;
			sourceTree = "<group>";
		};
		E99C84A725E6F5B00026DAB4 /* ToDoListFirebase */ = {
			isa = PBXGroup;
			children = (
				E99C84CB25E733100026DAB4 /* GoogleService-Info.plist */,
				E99C84C425E71D700026DAB4 /* Controllers */,
				E99C84C225E71D390026DAB4 /* Supporting files */,
			);
			path = ToDoListFirebase;
			sourceTree = "<group>";
		};
		E99C84C225E71D390026DAB4 /* Supporting files */ = {
			isa = PBXGroup;
			children = (
				E99C84A825E6F5B00026DAB4 /* AppDelegate.swift */,
				E99C84AA25E6F5B00026DAB4 /* SceneDelegate.swift */,
				E99C84AE25E6F5B00026DAB4 /* Main.storyboard */,
				E99C84B125E6F5B40026DAB4 /* Assets.xcassets */,
				E99C84B325E6F5B40026DAB4 /* LaunchScreen.storyboard */,
				E99C84B625E6F5B40026DAB4 /* Info.plist */,
			);
			path = "Supporting files";
			sourceTree = "<group>";
		};
		E99C84C425E71D700026DAB4 /* Controllers */ = {
			isa = PBXGroup;
			children = (
				E99C84AC25E6F5B00026DAB4 /* LoginViewController.swift */,
				E9C07E4A25EAD4E2003BC1F2 /* RegisterViewController.swift */,
				E99C84BF25E71CE30026DAB4 /* TasksViewController.swift */,
			);
			path = Controllers;
			sourceTree = "<group>";
		};
/* End PBXGroup section */

/* Begin PBXNativeTarget section */
		E99C84A425E6F5B00026DAB4 /* ToDoListFirebase */ = {
			isa = PBXNativeTarget;
			buildConfigurationList = E99C84B925E6F5B40026DAB4 /* Build configuration list for PBXNativeTarget "ToDoListFirebase" */;
			buildPhases = (
				1E012C21F8C9DBDBAC8B9B54 /* [CP] Check Pods Manifest.lock */,
				E99C84A125E6F5B00026DAB4 /* Sources */,
				E99C84A225E6F5B00026DAB4 /* Frameworks */,
				E99C84A325E6F5B00026DAB4 /* Resources */,
				5E8F650C27997B3B69BD64AB /* [CP] Embed Pods Frameworks */,
			);
			buildRules = (
			);
			dependencies = (
			);
			name = ToDoListFirebase;
			productName = ToDoListFirebase;
			productReference = E99C84A525E6F5B00026DAB4 /* ToDoListFirebase.app */;
			productType = "com.apple.product-type.application";
		};
/* End PBXNativeTarget section */

/* Begin PBXProject section */
		E99C849D25E6F5B00026DAB4 /* Project object */ = {
			isa = PBXProject;
			attributes = {
				LastSwiftUpdateCheck = 1230;
				LastUpgradeCheck = 1230;
				TargetAttributes = {
					E99C84A425E6F5B00026DAB4 = {
						CreatedOnToolsVersion = 12.3;
					};
				};
			};
			buildConfigurationList = E99C84A025E6F5B00026DAB4 /* Build configuration list for PBXProject "ToDoListFirebase" */;
			compatibilityVersion = "Xcode 9.3";
			developmentRegion = en;
			hasScannedForEncodings = 0;
			knownRegions = (
				en,
				Base,
			);
			mainGroup = E99C849C25E6F5B00026DAB4;
			productRefGroup = E99C84A625E6F5B00026DAB4 /* Products */;
			projectDirPath = "";
			projectRoot = "";
			targets = (
				E99C84A425E6F5B00026DAB4 /* ToDoListFirebase */,
			);
		};
/* End PBXProject section */

/* Begin PBXResourcesBuildPhase section */
		E99C84A325E6F5B00026DAB4 /* Resources */ = {
			isa = PBXResourcesBuildPhase;
			buildActionMask = 2147483647;
			files = (
				E99C84B525E6F5B40026DAB4 /* LaunchScreen.storyboard in Resources */,
				E99C84CC25E733100026DAB4 /* GoogleService-Info.plist in Resources */,
				E99C84B225E6F5B40026DAB4 /* Assets.xcassets in Resources */,
				E99C84B025E6F5B00026DAB4 /* Main.storyboard in Resources */,
			);
			runOnlyForDeploymentPostprocessing = 0;
		};
/* End PBXResourcesBuildPhase section */

/* Begin PBXShellScriptBuildPhase section */
		1E012C21F8C9DBDBAC8B9B54 /* [CP] Check Pods Manifest.lock */ = {
			isa = PBXShellScriptBuildPhase;
			buildActionMask = 2147483647;
			files = (
			);
			inputFileListPaths = (
			);
			inputPaths = (
				"${PODS_PODFILE_DIR_PATH}/Podfile.lock",
				"${PODS_ROOT}/Manifest.lock",
			);
			name = "[CP] Check Pods Manifest.lock";
			outputFileListPaths = (
			);
			outputPaths = (
				"$(DERIVED_FILE_DIR)/Pods-ToDoListFirebase-checkManifestLockResult.txt",
			);
			runOnlyForDeploymentPostprocessing = 0;
			shellPath = /bin/sh;
			shellScript = "diff \"${PODS_PODFILE_DIR_PATH}/Podfile.lock\" \"${PODS_ROOT}/Manifest.lock\" > /dev/null\nif [ $? != 0 ] ; then\n    # print error to STDERR\n    echo \"error: The sandbox is not in sync with the Podfile.lock. Run 'pod install' or update your CocoaPods installation.\" >&2\n    exit 1\nfi\n# This output is used by Xcode 'outputs' to avoid re-running this script phase.\necho \"SUCCESS\" > \"${SCRIPT_OUTPUT_FILE_0}\"\n";
			showEnvVarsInLog = 0;
		};
		5E8F650C27997B3B69BD64AB /* [CP] Embed Pods Frameworks */ = {
			isa = PBXShellScriptBuildPhase;
			buildActionMask = 2147483647;
			files = (
			);
			inputFileListPaths = (
				"${PODS_ROOT}/Target Support Files/Pods-ToDoListFirebase/Pods-ToDoListFirebase-frameworks-${CONFIGURATION}-input-files.xcfilelist",
			);
			name = "[CP] Embed Pods Frameworks";
			outputFileListPaths = (
				"${PODS_ROOT}/Target Support Files/Pods-ToDoListFirebase/Pods-ToDoListFirebase-frameworks-${CONFIGURATION}-output-files.xcfilelist",
			);
			runOnlyForDeploymentPostprocessing = 0;
			shellPath = /bin/sh;
			shellScript = "\"${PODS_ROOT}/Target Support Files/Pods-ToDoListFirebase/Pods-ToDoListFirebase-frameworks.sh\"\n";
			showEnvVarsInLog = 0;
		};
/* End PBXShellScriptBuildPhase section */

/* Begin PBXSourcesBuildPhase section */
		E99C84A125E6F5B00026DAB4 /* Sources */ = {
			isa = PBXSourcesBuildPhase;
			buildActionMask = 2147483647;
			files = (
				E99C84AD25E6F5B00026DAB4 /* LoginViewController.swift in Sources */,
				E9C07E4B25EAD4E2003BC1F2 /* RegisterViewController.swift in Sources */,
				E99C84C025E71CE30026DAB4 /* TasksViewController.swift in Sources */,
				E99C84A925E6F5B00026DAB4 /* AppDelegate.swift in Sources */,
				E99C84AB25E6F5B00026DAB4 /* SceneDelegate.swift in Sources */,
			);
			runOnlyForDeploymentPostprocessing = 0;
		};
/* End PBXSourcesBuildPhase section */

/* Begin PBXVariantGroup section */
		E99C84AE25E6F5B00026DAB4 /* Main.storyboard */ = {
			isa = PBXVariantGroup;
			children = (
				E99C84AF25E6F5B00026DAB4 /* Base */,
			);
			name = Main.storyboard;
			sourceTree = "<group>";
		};
		E99C84B325E6F5B40026DAB4 /* LaunchScreen.storyboard */ = {
			isa = PBXVariantGroup;
			children = (
				E99C84B425E6F5B40026DAB4 /* Base */,
			);
			name = LaunchScreen.storyboard;
			sourceTree = "<group>";
		};
/* End PBXVariantGroup section */

/* Begin XCBuildConfiguration section */
		E99C84B725E6F5B40026DAB4 /* Debug */ = {
			isa = XCBuildConfiguration;
			buildSettings = {
				ALWAYS_SEARCH_USER_PATHS = NO;
				CLANG_ANALYZER_NONNULL = YES;
				CLANG_ANALYZER_NUMBER_OBJECT_CONVERSION = YES_AGGRESSIVE;
				CLANG_CXX_LANGUAGE_STANDARD = "gnu++14";
				CLANG_CXX_LIBRARY = "libc++";
				CLANG_ENABLE_MODULES = YES;
				CLANG_ENABLE_OBJC_ARC = YES;
				CLANG_ENABLE_OBJC_WEAK = YES;
				CLANG_WARN_BLOCK_CAPTURE_AUTORELEASING = YES;
				CLANG_WARN_BOOL_CONVERSION = YES;
				CLANG_WARN_COMMA = YES;
				CLANG_WARN_CONSTANT_CONVERSION = YES;
				CLANG_WARN_DEPRECATED_OBJC_IMPLEMENTATIONS = YES;
				CLANG_WARN_DIRECT_OBJC_ISA_USAGE = YES_ERROR;
				CLANG_WARN_DOCUMENTATION_COMMENTS = YES;
				CLANG_WARN_EMPTY_BODY = YES;
				CLANG_WARN_ENUM_CONVERSION = YES;
				CLANG_WARN_INFINITE_RECURSION = YES;
				CLANG_WARN_INT_CONVERSION = YES;
				CLANG_WARN_NON_LITERAL_NULL_CONVERSION = YES;
				CLANG_WARN_OBJC_IMPLICIT_RETAIN_SELF = YES;
				CLANG_WARN_OBJC_LITERAL_CONVERSION = YES;
				CLANG_WARN_OBJC_ROOT_CLASS = YES_ERROR;
				CLANG_WARN_QUOTED_INCLUDE_IN_FRAMEWORK_HEADER = YES;
				CLANG_WARN_RANGE_LOOP_ANALYSIS = YES;
				CLANG_WARN_STRICT_PROTOTYPES = YES;
				CLANG_WARN_SUSPICIOUS_MOVE = YES;
				CLANG_WARN_UNGUARDED_AVAILABILITY = YES_AGGRESSIVE;
				CLANG_WARN_UNREACHABLE_CODE = YES;
				CLANG_WARN__DUPLICATE_METHOD_MATCH = YES;
				COPY_PHASE_STRIP = NO;
				DEBUG_INFORMATION_FORMAT = dwarf;
				ENABLE_STRICT_OBJC_MSGSEND = YES;
				ENABLE_TESTABILITY = YES;
				GCC_C_LANGUAGE_STANDARD = gnu11;
				GCC_DYNAMIC_NO_PIC = NO;
				GCC_NO_COMMON_BLOCKS = YES;
				GCC_OPTIMIZATION_LEVEL = 0;
				GCC_PREPROCESSOR_DEFINITIONS = (
					"DEBUG=1",
					"$(inherited)",
				);
				GCC_WARN_64_TO_32_BIT_CONVERSION = YES;
				GCC_WARN_ABOUT_RETURN_TYPE = YES_ERROR;
				GCC_WARN_UNDECLARED_SELECTOR = YES;
				GCC_WARN_UNINITIALIZED_AUTOS = YES_AGGRESSIVE;
				GCC_WARN_UNUSED_FUNCTION = YES;
				GCC_WARN_UNUSED_VARIABLE = YES;
				IPHONEOS_DEPLOYMENT_TARGET = 14.3;
				MTL_ENABLE_DEBUG_INFO = INCLUDE_SOURCE;
				MTL_FAST_MATH = YES;
				ONLY_ACTIVE_ARCH = YES;
				SDKROOT = iphoneos;
				SWIFT_ACTIVE_COMPILATION_CONDITIONS = DEBUG;
				SWIFT_OPTIMIZATION_LEVEL = "-Onone";
			};
			name = Debug;
		};
		E99C84B825E6F5B40026DAB4 /* Release */ = {
			isa = XCBuildConfiguration;
			buildSettings = {
				ALWAYS_SEARCH_USER_PATHS = NO;
				CLANG_ANALYZER_NONNULL = YES;
				CLANG_ANALYZER_NUMBER_OBJECT_CONVERSION = YES_AGGRESSIVE;
				CLANG_CXX_LANGUAGE_STANDARD = "gnu++14";
				CLANG_CXX_LIBRARY = "libc++";
				CLANG_ENABLE_MODULES = YES;
				CLANG_ENABLE_OBJC_ARC = YES;
				CLANG_ENABLE_OBJC_WEAK = YES;
				CLANG_WARN_BLOCK_CAPTURE_AUTORELEASING = YES;
				CLANG_WARN_BOOL_CONVERSION = YES;
				CLANG_WARN_COMMA = YES;
				CLANG_WARN_CONSTANT_CONVERSION = YES;
				CLANG_WARN_DEPRECATED_OBJC_IMPLEMENTATIONS = YES;
				CLANG_WARN_DIRECT_OBJC_ISA_USAGE = YES_ERROR;
				CLANG_WARN_DOCUMENTATION_COMMENTS = YES;
				CLANG_WARN_EMPTY_BODY = YES;
				CLANG_WARN_ENUM_CONVERSION = YES;
				CLANG_WARN_INFINITE_RECURSION = YES;
				CLANG_WARN_INT_CONVERSION = YES;
				CLANG_WARN_NON_LITERAL_NULL_CONVERSION = YES;
				CLANG_WARN_OBJC_IMPLICIT_RETAIN_SELF = YES;
				CLANG_WARN_OBJC_LITERAL_CONVERSION = YES;
				CLANG_WARN_OBJC_ROOT_CLASS = YES_ERROR;
				CLANG_WARN_QUOTED_INCLUDE_IN_FRAMEWORK_HEADER = YES;
				CLANG_WARN_RANGE_LOOP_ANALYSIS = YES;
				CLANG_WARN_STRICT_PROTOTYPES = YES;
				CLANG_WARN_SUSPICIOUS_MOVE = YES;
				CLANG_WARN_UNGUARDED_AVAILABILITY = YES_AGGRESSIVE;
				CLANG_WARN_UNREACHABLE_CODE = YES;
				CLANG_WARN__DUPLICATE_METHOD_MATCH = YES;
				COPY_PHASE_STRIP = NO;
				DEBUG_INFORMATION_FORMAT = "dwarf-with-dsym";
				ENABLE_NS_ASSERTIONS = NO;
				ENABLE_STRICT_OBJC_MSGSEND = YES;
				GCC_C_LANGUAGE_STANDARD = gnu11;
				GCC_NO_COMMON_BLOCKS = YES;
				GCC_WARN_64_TO_32_BIT_CONVERSION = YES;
				GCC_WARN_ABOUT_RETURN_TYPE = YES_ERROR;
				GCC_WARN_UNDECLARED_SELECTOR = YES;
				GCC_WARN_UNINITIALIZED_AUTOS = YES_AGGRESSIVE;
				GCC_WARN_UNUSED_FUNCTION = YES;
				GCC_WARN_UNUSED_VARIABLE = YES;
				IPHONEOS_DEPLOYMENT_TARGET = 14.3;
				MTL_ENABLE_DEBUG_INFO = NO;
				MTL_FAST_MATH = YES;
				SDKROOT = iphoneos;
				SWIFT_COMPILATION_MODE = wholemodule;
				SWIFT_OPTIMIZATION_LEVEL = "-O";
				VALIDATE_PRODUCT = YES;
			};
			name = Release;
		};
		E99C84BA25E6F5B40026DAB4 /* Debug */ = {
			isa = XCBuildConfiguration;
			baseConfigurationReference = 3FBB8BDEB65587E3E89BD946 /* Pods-ToDoListFirebase.debug.xcconfig */;
			buildSettings = {
				ASSETCATALOG_COMPILER_APPICON_NAME = AppIcon;
				ASSETCATALOG_COMPILER_GLOBAL_ACCENT_COLOR_NAME = AccentColor;
				CODE_SIGN_STYLE = Automatic;
				DEVELOPMENT_TEAM = K846A9FWCG;
				INFOPLIST_FILE = "ToDoListFirebase/Supporting files/Info.plist";
				LD_RUNPATH_SEARCH_PATHS = (
					"$(inherited)",
					"@executable_path/Frameworks",
				);
				PRODUCT_BUNDLE_IDENTIFIER = dev.moiseev.ToDoListFirebase;
				PRODUCT_NAME = "$(TARGET_NAME)";
				SWIFT_VERSION = 5.0;
				TARGETED_DEVICE_FAMILY = "1,2";
			};
			name = Debug;
		};
		E99C84BB25E6F5B40026DAB4 /* Release */ = {
			isa = XCBuildConfiguration;
			baseConfigurationReference = 8E5AAA301614495A266711D7 /* Pods-ToDoListFirebase.release.xcconfig */;
			buildSettings = {
				ASSETCATALOG_COMPILER_APPICON_NAME = AppIcon;
				ASSETCATALOG_COMPILER_GLOBAL_ACCENT_COLOR_NAME = AccentColor;
				CODE_SIGN_STYLE = Automatic;
				DEVELOPMENT_TEAM = K846A9FWCG;
				INFOPLIST_FILE = "ToDoListFirebase/Supporting files/Info.plist";
				LD_RUNPATH_SEARCH_PATHS = (
					"$(inherited)",
					"@executable_path/Frameworks",
				);
				PRODUCT_BUNDLE_IDENTIFIER = dev.moiseev.ToDoListFirebase;
				PRODUCT_NAME = "$(TARGET_NAME)";
				SWIFT_VERSION = 5.0;
				TARGETED_DEVICE_FAMILY = "1,2";
			};
			name = Release;
		};
/* End XCBuildConfiguration section */

/* Begin XCConfigurationList section */
		E99C84A025E6F5B00026DAB4 /* Build configuration list for PBXProject "ToDoListFirebase" */ = {
			isa = XCConfigurationList;
			buildConfigurations = (
				E99C84B725E6F5B40026DAB4 /* Debug */,
				E99C84B825E6F5B40026DAB4 /* Release */,
			);
			defaultConfigurationIsVisible = 0;
			defaultConfigurationName = Release;
		};
		E99C84B925E6F5B40026DAB4 /* Build configuration list for PBXNativeTarget "ToDoListFirebase" */ = {
			isa = XCConfigurationList;
			buildConfigurations = (
				E99C84BA25E6F5B40026DAB4 /* Debug */,
				E99C84BB25E6F5B40026DAB4 /* Release */,
			);
			defaultConfigurationIsVisible = 0;
			defaultConfigurationName = Release;
		};
/* End XCConfigurationList section */
	};
	rootObject = E99C849D25E6F5B00026DAB4 /* Project object */;
}
